
Microsoft Visual Studio Solution File, Format Version 12.00
# Visual Studio 15
Project("{FAE04EC0-301F-11D3-BF4B-00C04F79EFBC}") = "UDPSender", "UDPSender\UDPSender.csproj", "{64F4E834-2326-49F8-B12E-1C6A6EB3DF40}"
EndProject
Global
	GlobalSection(SolutionConfigurationPlatforms) = preSolution
		Debug|Any CPU = Debug|Any CPU
		Release|Any CPU = Release|Any CPU
	EndGlobalSection
	GlobalSection(ProjectConfigurationPlatforms) = postSolution
		{64F4E834-2326-49F8-B12E-1C6A6EB3DF40}.Debug|Any CPU.ActiveCfg = Debug|Any CPU
		{64F4E834-2326-49F8-B12E-1C6A6EB3DF40}.Debug|Any CPU.Build.0 = Debug|Any CPU
		{64F4E834-2326-49F8-B12E-1C6A6EB3DF40}.Release|Any CPU.ActiveCfg = Release|Any CPU
		{64F4E834-2326-49F8-B12E-1C6A6EB3DF40}.Release|Any CPU.Build.0 = Release|Any CPU
	EndGlobalSection
EndGlobal
